
Microsoft Visual Studio Solution File, Format Version 12.00
# Visual Studio 2013
VisualStudioVersion = 12.0.21005.1
MinimumVisualStudioVersion = 10.0.40219.1
Project("{FAE04EC0-301F-11D3-BF4B-00C04F79EFBC}") = "Battleships", "Battleships\Battleships.csproj", "{571450DB-466B-43C2-A92E-F5B0781467D1}"
EndProject
Project("{FAE04EC0-301F-11D3-BF4B-00C04F79EFBC}") = "Battleships.Test", "Battleships.Test\Battleships.Test.csproj", "{5F8DEF46-5B5C-40D1-B779-013D4C99D564}"
EndProject
Project("{FAE04EC0-301F-11D3-BF4B-00C04F79EFBC}") = "Battleships.Api", "Battleships.Api\Battleships.Api.csproj", "{35D0A51F-69E2-44A8-A68C-CD800FD20192}"
EndProject
Project("{FAE04EC0-301F-11D3-BF4B-00C04F79EFBC}") = "Battleships.Host", "Battleships.Host\Battleships.Host.csproj", "{97197F0A-A4A2-4BBA-AB42-B488BF892E56}"
EndProject
Global
	GlobalSection(SolutionConfigurationPlatforms) = preSolution
		Debug|Any CPU = Debug|Any CPU
		Release|Any CPU = Release|Any CPU
	EndGlobalSection
	GlobalSection(ProjectConfigurationPlatforms) = postSolution
		{571450DB-466B-43C2-A92E-F5B0781467D1}.Debug|Any CPU.ActiveCfg = Debug|Any CPU
		{571450DB-466B-43C2-A92E-F5B0781467D1}.Debug|Any CPU.Build.0 = Debug|Any CPU
		{571450DB-466B-43C2-A92E-F5B0781467D1}.Release|Any CPU.ActiveCfg = Release|Any CPU
		{571450DB-466B-43C2-A92E-F5B0781467D1}.Release|Any CPU.Build.0 = Release|Any CPU
		{5F8DEF46-5B5C-40D1-B779-013D4C99D564}.Debug|Any CPU.ActiveCfg = Debug|Any CPU
		{5F8DEF46-5B5C-40D1-B779-013D4C99D564}.Debug|Any CPU.Build.0 = Debug|Any CPU
		{5F8DEF46-5B5C-40D1-B779-013D4C99D564}.Release|Any CPU.ActiveCfg = Release|Any CPU
		{5F8DEF46-5B5C-40D1-B779-013D4C99D564}.Release|Any CPU.Build.0 = Release|Any CPU
		{35D0A51F-69E2-44A8-A68C-CD800FD20192}.Debug|Any CPU.ActiveCfg = Debug|Any CPU
		{35D0A51F-69E2-44A8-A68C-CD800FD20192}.Debug|Any CPU.Build.0 = Debug|Any CPU
		{35D0A51F-69E2-44A8-A68C-CD800FD20192}.Release|Any CPU.ActiveCfg = Release|Any CPU
		{35D0A51F-69E2-44A8-A68C-CD800FD20192}.Release|Any CPU.Build.0 = Release|Any CPU
		{97197F0A-A4A2-4BBA-AB42-B488BF892E56}.Debug|Any CPU.ActiveCfg = Debug|Any CPU
		{97197F0A-A4A2-4BBA-AB42-B488BF892E56}.Debug|Any CPU.Build.0 = Debug|Any CPU
		{97197F0A-A4A2-4BBA-AB42-B488BF892E56}.Release|Any CPU.ActiveCfg = Release|Any CPU
		{97197F0A-A4A2-4BBA-AB42-B488BF892E56}.Release|Any CPU.Build.0 = Release|Any CPU
	EndGlobalSection
	GlobalSection(SolutionProperties) = preSolution
		HideSolutionNode = FALSE
	EndGlobalSection
EndGlobal
